
Microsoft Visual Studio Solution File, Format Version 12.00
# Visual Studio Version 17
VisualStudioVersion = 17.10.34902.84
MinimumVisualStudioVersion = 10.0.40219.1
Project("{FAE04EC0-301F-11D3-BF4B-00C04F79EFBC}") = "WkHtmlTo.Wrapper.Samples.Mvc", "WkHtmlTo.Wrapper.Samples.Mvc\WkHtmlTo.Wrapper.Samples.Mvc.csproj", "{85840DFF-6442-4612-AF77-ED5DF6B0CF91}"
EndProject
Global
	GlobalSection(SolutionConfigurationPlatforms) = preSolution
		Debug|Any CPU = Debug|Any CPU
		Release|Any CPU = Release|Any CPU
	EndGlobalSection
	GlobalSection(ProjectConfigurationPlatforms) = postSolution
		{85840DFF-6442-4612-AF77-ED5DF6B0CF91}.Debug|Any CPU.ActiveCfg = Debug|Any CPU
		{85840DFF-6442-4612-AF77-ED5DF6B0CF91}.Debug|Any CPU.Build.0 = Debug|Any CPU
		{85840DFF-6442-4612-AF77-ED5DF6B0CF91}.Release|Any CPU.ActiveCfg = Release|Any CPU
		{85840DFF-6442-4612-AF77-ED5DF6B0CF91}.Release|Any CPU.Build.0 = Release|Any CPU
	EndGlobalSection
	GlobalSection(SolutionProperties) = preSolution
		HideSolutionNode = FALSE
	EndGlobalSection
	GlobalSection(ExtensibilityGlobals) = postSolution
		SolutionGuid = {4040DA0D-A266-4A2A-A90B-D4ED00E559C2}
	EndGlobalSection
EndGlobal
